// !$*UTF8*$!
{
	archiveVersion = 1;
	classes = {
	};
	objectVersion = 56;
	objects = {

/* Begin PBXBuildFile section */
		8D02E8FE2B3E5E2F00016D3D /* ReminderDoneButton.swift in Sources */ = {isa = PBXBuildFile; fileRef = 8D02E8FD2B3E5E2F00016D3D /* ReminderDoneButton.swift */; };
		8D02E9002B3E5F1A00016D3D /* ReminderListViewController+Actions.swift in Sources */ = {isa = PBXBuildFile; fileRef = 8D02E8FF2B3E5F1A00016D3D /* ReminderListViewController+Actions.swift */; };
		8D04AC3C2B5200AA0047246A /* TextFieldContentView.swift in Sources */ = {isa = PBXBuildFile; fileRef = 8D04AC3B2B5200AA0047246A /* TextFieldContentView.swift */; };
		8D04AC3E2B5211500047246A /* UIContentConfiguration+Stateless.swift in Sources */ = {isa = PBXBuildFile; fileRef = 8D04AC3D2B5211500047246A /* UIContentConfiguration+Stateless.swift */; };
		8D0CBA742B3D2C90006C701C /* Date+Today.swift in Sources */ = {isa = PBXBuildFile; fileRef = 8D0CBA732B3D2C90006C701C /* Date+Today.swift */; };
		8D26D1512B3A82070064C4DA /* AppDelegate.swift in Sources */ = {isa = PBXBuildFile; fileRef = 8D26D1502B3A82070064C4DA /* AppDelegate.swift */; };
		8D26D1532B3A82070064C4DA /* SceneDelegate.swift in Sources */ = {isa = PBXBuildFile; fileRef = 8D26D1522B3A82070064C4DA /* SceneDelegate.swift */; };
		8D26D1552B3A82070064C4DA /* ReminderListViewController.swift in Sources */ = {isa = PBXBuildFile; fileRef = 8D26D1542B3A82070064C4DA /* ReminderListViewController.swift */; };
		8D26D1582B3A82070064C4DA /* Main.storyboard in Resources */ = {isa = PBXBuildFile; fileRef = 8D26D1562B3A82070064C4DA /* Main.storyboard */; };
		8D26D15A2B3A82080064C4DA /* Assets.xcassets in Resources */ = {isa = PBXBuildFile; fileRef = 8D26D1592B3A82080064C4DA /* Assets.xcassets */; };
		8D26D15D2B3A82080064C4DA /* LaunchScreen.storyboard in Resources */ = {isa = PBXBuildFile; fileRef = 8D26D15B2B3A82080064C4DA /* LaunchScreen.storyboard */; };
		8D26D1682B3A82080064C4DA /* TodayTests.swift in Sources */ = {isa = PBXBuildFile; fileRef = 8D26D1672B3A82080064C4DA /* TodayTests.swift */; };
		8D26D1722B3A82080064C4DA /* TodayUITests.swift in Sources */ = {isa = PBXBuildFile; fileRef = 8D26D1712B3A82080064C4DA /* TodayUITests.swift */; };
		8D26D1742B3A82080064C4DA /* TodayUITestsLaunchTests.swift in Sources */ = {isa = PBXBuildFile; fileRef = 8D26D1732B3A82080064C4DA /* TodayUITestsLaunchTests.swift */; };
		8D26D1822B3A9C6E0064C4DA /* Reminder.swift in Sources */ = {isa = PBXBuildFile; fileRef = 8D26D1812B3A9C6E0064C4DA /* Reminder.swift */; };
		8D3AD1F52B4107B800F4CE43 /* ReminderViewController+Section.swift in Sources */ = {isa = PBXBuildFile; fileRef = 8D3AD1F42B4107B800F4CE43 /* ReminderViewController+Section.swift */; };
		8D77A27F2B539ED500BD9234 /* TextViewContentView.swift in Sources */ = {isa = PBXBuildFile; fileRef = 8D77A27E2B539ED500BD9234 /* TextViewContentView.swift */; };
		8D77A2812B53A02B00BD9234 /* DatePickerContentView.swift in Sources */ = {isa = PBXBuildFile; fileRef = 8D77A2802B53A02B00BD9234 /* DatePickerContentView.swift */; };
		8D8DC03D2B4269E8002E10A6 /* ReminderViewController+CellConfiguration.swift in Sources */ = {isa = PBXBuildFile; fileRef = 8D8DC03C2B4269E8002E10A6 /* ReminderViewController+CellConfiguration.swift */; };
		8D8DC0402B426C53002E10A6 /* UIView+PinnedSubview.swift in Sources */ = {isa = PBXBuildFile; fileRef = 8D8DC03F2B426C53002E10A6 /* UIView+PinnedSubview.swift */; };
		8D90F8EC2B645EA900805215 /* ReminderListStyle.swift in Sources */ = {isa = PBXBuildFile; fileRef = 8D90F8EB2B645EA900805215 /* ReminderListStyle.swift */; };
		8DB2D5032B3F4B300052EB90 /* ReminderViewController.swift in Sources */ = {isa = PBXBuildFile; fileRef = 8DB2D5022B3F4B300052EB90 /* ReminderViewController.swift */; };
		8DB2D5052B3F58E80052EB90 /* ReminderViewController+Row.swift in Sources */ = {isa = PBXBuildFile; fileRef = 8DB2D5042B3F58E80052EB90 /* ReminderViewController+Row.swift */; };
		8DE81ACA2B3DFE900063A5E6 /* ReminderListViewController+DataSource.swift in Sources */ = {isa = PBXBuildFile; fileRef = 8DE81AC92B3DFE900063A5E6 /* ReminderListViewController+DataSource.swift */; };
		8DE81ACC2B3E07C30063A5E6 /* UIColor+Today.swift in Sources */ = {isa = PBXBuildFile; fileRef = 8DE81ACB2B3E07C30063A5E6 /* UIColor+Today.swift */; };
/* End PBXBuildFile section */

/* Begin PBXContainerItemProxy section */
		8D26D1642B3A82080064C4DA /* PBXContainerItemProxy */ = {
			isa = PBXContainerItemProxy;
			containerPortal = 8D26D1452B3A82070064C4DA /* Project object */;
			proxyType = 1;
			remoteGlobalIDString = 8D26D14C2B3A82070064C4DA;
			remoteInfo = Today;
		};
		8D26D16E2B3A82080064C4DA /* PBXContainerItemProxy */ = {
			isa = PBXContainerItemProxy;
			containerPortal = 8D26D1452B3A82070064C4DA /* Project object */;
			proxyType = 1;
			remoteGlobalIDString = 8D26D14C2B3A82070064C4DA;
			remoteInfo = Today;
		};
/* End PBXContainerItemProxy section */

/* Begin PBXFileReference section */
		8D02E8FD2B3E5E2F00016D3D /* ReminderDoneButton.swift */ = {isa = PBXFileReference; lastKnownFileType = sourcecode.swift; path = ReminderDoneButton.swift; sourceTree = "<group>"; };
		8D02E8FF2B3E5F1A00016D3D /* ReminderListViewController+Actions.swift */ = {isa = PBXFileReference; lastKnownFileType = sourcecode.swift; path = "ReminderListViewController+Actions.swift"; sourceTree = "<group>"; };
		8D04AC3B2B5200AA0047246A /* TextFieldContentView.swift */ = {isa = PBXFileReference; lastKnownFileType = sourcecode.swift; path = TextFieldContentView.swift; sourceTree = "<group>"; };
		8D04AC3D2B5211500047246A /* UIContentConfiguration+Stateless.swift */ = {isa = PBXFileReference; lastKnownFileType = sourcecode.swift; path = "UIContentConfiguration+Stateless.swift"; sourceTree = "<group>"; };
		8D0CBA732B3D2C90006C701C /* Date+Today.swift */ = {isa = PBXFileReference; lastKnownFileType = sourcecode.swift; path = "Date+Today.swift"; sourceTree = "<group>"; };
		8D26D14D2B3A82070064C4DA /* Today.app */ = {isa = PBXFileReference; explicitFileType = wrapper.application; includeInIndex = 0; path = Today.app; sourceTree = BUILT_PRODUCTS_DIR; };
		8D26D1502B3A82070064C4DA /* AppDelegate.swift */ = {isa = PBXFileReference; lastKnownFileType = sourcecode.swift; path = AppDelegate.swift; sourceTree = "<group>"; };
		8D26D1522B3A82070064C4DA /* SceneDelegate.swift */ = {isa = PBXFileReference; lastKnownFileType = sourcecode.swift; path = SceneDelegate.swift; sourceTree = "<group>"; };
		8D26D1542B3A82070064C4DA /* ReminderListViewController.swift */ = {isa = PBXFileReference; lastKnownFileType = sourcecode.swift; path = ReminderListViewController.swift; sourceTree = "<group>"; };
		8D26D1572B3A82070064C4DA /* Base */ = {isa = PBXFileReference; lastKnownFileType = file.storyboard; name = Base; path = Base.lproj/Main.storyboard; sourceTree = "<group>"; };
		8D26D1592B3A82080064C4DA /* Assets.xcassets */ = {isa = PBXFileReference; lastKnownFileType = folder.assetcatalog; path = Assets.xcassets; sourceTree = "<group>"; };
		8D26D15C2B3A82080064C4DA /* Base */ = {isa = PBXFileReference; lastKnownFileType = file.storyboard; name = Base; path = Base.lproj/LaunchScreen.storyboard; sourceTree = "<group>"; };
		8D26D15E2B3A82080064C4DA /* Info.plist */ = {isa = PBXFileReference; lastKnownFileType = text.plist.xml; path = Info.plist; sourceTree = "<group>"; };
		8D26D1632B3A82080064C4DA /* TodayTests.xctest */ = {isa = PBXFileReference; explicitFileType = wrapper.cfbundle; includeInIndex = 0; path = TodayTests.xctest; sourceTree = BUILT_PRODUCTS_DIR; };
		8D26D1672B3A82080064C4DA /* TodayTests.swift */ = {isa = PBXFileReference; lastKnownFileType = sourcecode.swift; path = TodayTests.swift; sourceTree = "<group>"; };
		8D26D16D2B3A82080064C4DA /* TodayUITests.xctest */ = {isa = PBXFileReference; explicitFileType = wrapper.cfbundle; includeInIndex = 0; path = TodayUITests.xctest; sourceTree = BUILT_PRODUCTS_DIR; };
		8D26D1712B3A82080064C4DA /* TodayUITests.swift */ = {isa = PBXFileReference; lastKnownFileType = sourcecode.swift; path = TodayUITests.swift; sourceTree = "<group>"; };
		8D26D1732B3A82080064C4DA /* TodayUITestsLaunchTests.swift */ = {isa = PBXFileReference; lastKnownFileType = sourcecode.swift; path = TodayUITestsLaunchTests.swift; sourceTree = "<group>"; };
		8D26D1812B3A9C6E0064C4DA /* Reminder.swift */ = {isa = PBXFileReference; lastKnownFileType = sourcecode.swift; path = Reminder.swift; sourceTree = "<group>"; };
		8D3AD1F42B4107B800F4CE43 /* ReminderViewController+Section.swift */ = {isa = PBXFileReference; lastKnownFileType = sourcecode.swift; path = "ReminderViewController+Section.swift"; sourceTree = "<group>"; };
		8D77A27E2B539ED500BD9234 /* TextViewContentView.swift */ = {isa = PBXFileReference; lastKnownFileType = sourcecode.swift; path = TextViewContentView.swift; sourceTree = "<group>"; };
		8D77A2802B53A02B00BD9234 /* DatePickerContentView.swift */ = {isa = PBXFileReference; lastKnownFileType = sourcecode.swift; path = DatePickerContentView.swift; sourceTree = "<group>"; };
		8D8DC03C2B4269E8002E10A6 /* ReminderViewController+CellConfiguration.swift */ = {isa = PBXFileReference; lastKnownFileType = sourcecode.swift; path = "ReminderViewController+CellConfiguration.swift"; sourceTree = "<group>"; };
		8D8DC03F2B426C53002E10A6 /* UIView+PinnedSubview.swift */ = {isa = PBXFileReference; lastKnownFileType = sourcecode.swift; path = "UIView+PinnedSubview.swift"; sourceTree = "<group>"; };
		8D90F8EB2B645EA900805215 /* ReminderListStyle.swift */ = {isa = PBXFileReference; lastKnownFileType = sourcecode.swift; path = ReminderListStyle.swift; sourceTree = "<group>"; };
		8DB2D5022B3F4B300052EB90 /* ReminderViewController.swift */ = {isa = PBXFileReference; lastKnownFileType = sourcecode.swift; path = ReminderViewController.swift; sourceTree = "<group>"; };
		8DB2D5042B3F58E80052EB90 /* ReminderViewController+Row.swift */ = {isa = PBXFileReference; lastKnownFileType = sourcecode.swift; path = "ReminderViewController+Row.swift"; sourceTree = "<group>"; };
		8DE81AC92B3DFE900063A5E6 /* ReminderListViewController+DataSource.swift */ = {isa = PBXFileReference; lastKnownFileType = sourcecode.swift; path = "ReminderListViewController+DataSource.swift"; sourceTree = "<group>"; };
		8DE81ACB2B3E07C30063A5E6 /* UIColor+Today.swift */ = {isa = PBXFileReference; lastKnownFileType = sourcecode.swift; path = "UIColor+Today.swift"; sourceTree = "<group>"; };
/* End PBXFileReference section */

/* Begin PBXFrameworksBuildPhase section */
		8D26D14A2B3A82070064C4DA /* Frameworks */ = {
			isa = PBXFrameworksBuildPhase;
			buildActionMask = 2147483647;
			files = (
			);
			runOnlyForDeploymentPostprocessing = 0;
		};
		8D26D1602B3A82080064C4DA /* Frameworks */ = {
			isa = PBXFrameworksBuildPhase;
			buildActionMask = 2147483647;
			files = (
			);
			runOnlyForDeploymentPostprocessing = 0;
		};
		8D26D16A2B3A82080064C4DA /* Frameworks */ = {
			isa = PBXFrameworksBuildPhase;
			buildActionMask = 2147483647;
			files = (
			);
			runOnlyForDeploymentPostprocessing = 0;
		};
/* End PBXFrameworksBuildPhase section */

/* Begin PBXGroup section */
		8D26D1442B3A82070064C4DA = {
			isa = PBXGroup;
			children = (
				8D26D14F2B3A82070064C4DA /* Today */,
				8D26D1662B3A82080064C4DA /* TodayTests */,
				8D26D1702B3A82080064C4DA /* TodayUITests */,
				8D26D14E2B3A82070064C4DA /* Products */,
			);
			sourceTree = "<group>";
		};
		8D26D14E2B3A82070064C4DA /* Products */ = {
			isa = PBXGroup;
			children = (
				8D26D14D2B3A82070064C4DA /* Today.app */,
				8D26D1632B3A82080064C4DA /* TodayTests.xctest */,
				8D26D16D2B3A82080064C4DA /* TodayUITests.xctest */,
			);
			name = Products;
			sourceTree = "<group>";
		};
		8D26D14F2B3A82070064C4DA /* Today */ = {
			isa = PBXGroup;
			children = (
				8D8DC03E2B426BFF002E10A6 /* ContentViews */,
				8DB2D5012B3F4B1F0052EB90 /* DetailViewController */,
				8D26D1802B3A9C290064C4DA /* Models */,
				8D26D1502B3A82070064C4DA /* AppDelegate.swift */,
				8D26D1522B3A82070064C4DA /* SceneDelegate.swift */,
				8DE81AC82B3DFE450063A5E6 /* ListViewController */,
				8D26D1562B3A82070064C4DA /* Main.storyboard */,
				8D26D1592B3A82080064C4DA /* Assets.xcassets */,
				8D26D15B2B3A82080064C4DA /* LaunchScreen.storyboard */,
				8D26D15E2B3A82080064C4DA /* Info.plist */,
			);
			path = Today;
			sourceTree = "<group>";
		};
		8D26D1662B3A82080064C4DA /* TodayTests */ = {
			isa = PBXGroup;
			children = (
				8D26D1672B3A82080064C4DA /* TodayTests.swift */,
			);
			path = TodayTests;
			sourceTree = "<group>";
		};
		8D26D1702B3A82080064C4DA /* TodayUITests */ = {
			isa = PBXGroup;
			children = (
				8D26D1712B3A82080064C4DA /* TodayUITests.swift */,
				8D26D1732B3A82080064C4DA /* TodayUITestsLaunchTests.swift */,
			);
			path = TodayUITests;
			sourceTree = "<group>";
		};
		8D26D1802B3A9C290064C4DA /* Models */ = {
			isa = PBXGroup;
			children = (
				8D26D1812B3A9C6E0064C4DA /* Reminder.swift */,
				8D0CBA732B3D2C90006C701C /* Date+Today.swift */,
				8DE81ACB2B3E07C30063A5E6 /* UIColor+Today.swift */,
				8D90F8EB2B645EA900805215 /* ReminderListStyle.swift */,
			);
			path = Models;
			sourceTree = "<group>";
		};
		8D8DC03E2B426BFF002E10A6 /* ContentViews */ = {
			isa = PBXGroup;
			children = (
				8D8DC03F2B426C53002E10A6 /* UIView+PinnedSubview.swift */,
				8D04AC3B2B5200AA0047246A /* TextFieldContentView.swift */,
				8D04AC3D2B5211500047246A /* UIContentConfiguration+Stateless.swift */,
				8D77A27E2B539ED500BD9234 /* TextViewContentView.swift */,
				8D77A2802B53A02B00BD9234 /* DatePickerContentView.swift */,
			);
			path = ContentViews;
			sourceTree = "<group>";
		};
		8DB2D5012B3F4B1F0052EB90 /* DetailViewController */ = {
			isa = PBXGroup;
			children = (
				8DB2D5022B3F4B300052EB90 /* ReminderViewController.swift */,
				8DB2D5042B3F58E80052EB90 /* ReminderViewController+Row.swift */,
				8D3AD1F42B4107B800F4CE43 /* ReminderViewController+Section.swift */,
				8D8DC03C2B4269E8002E10A6 /* ReminderViewController+CellConfiguration.swift */,
			);
			path = DetailViewController;
			sourceTree = "<group>";
		};
		8DE81AC82B3DFE450063A5E6 /* ListViewController */ = {
			isa = PBXGroup;
			children = (
				8D26D1542B3A82070064C4DA /* ReminderListViewController.swift */,
				8DE81AC92B3DFE900063A5E6 /* ReminderListViewController+DataSource.swift */,
				8D02E8FD2B3E5E2F00016D3D /* ReminderDoneButton.swift */,
				8D02E8FF2B3E5F1A00016D3D /* ReminderListViewController+Actions.swift */,
			);
			path = ListViewController;
			sourceTree = "<group>";
		};
/* End PBXGroup section */

/* Begin PBXNativeTarget section */
		8D26D14C2B3A82070064C4DA /* Today */ = {
			isa = PBXNativeTarget;
			buildConfigurationList = 8D26D1772B3A82080064C4DA /* Build configuration list for PBXNativeTarget "Today" */;
			buildPhases = (
				8D26D1492B3A82070064C4DA /* Sources */,
				8D26D14A2B3A82070064C4DA /* Frameworks */,
				8D26D14B2B3A82070064C4DA /* Resources */,
			);
			buildRules = (
			);
			dependencies = (
			);
			name = Today;
			productName = Today;
			productReference = 8D26D14D2B3A82070064C4DA /* Today.app */;
			productType = "com.apple.product-type.application";
		};
		8D26D1622B3A82080064C4DA /* TodayTests */ = {
			isa = PBXNativeTarget;
			buildConfigurationList = 8D26D17A2B3A82080064C4DA /* Build configuration list for PBXNativeTarget "TodayTests" */;
			buildPhases = (
				8D26D15F2B3A82080064C4DA /* Sources */,
				8D26D1602B3A82080064C4DA /* Frameworks */,
				8D26D1612B3A82080064C4DA /* Resources */,
			);
			buildRules = (
			);
			dependencies = (
				8D26D1652B3A82080064C4DA /* PBXTargetDependency */,
			);
			name = TodayTests;
			productName = TodayTests;
			productReference = 8D26D1632B3A82080064C4DA /* TodayTests.xctest */;
			productType = "com.apple.product-type.bundle.unit-test";
		};
		8D26D16C2B3A82080064C4DA /* TodayUITests */ = {
			isa = PBXNativeTarget;
			buildConfigurationList = 8D26D17D2B3A82080064C4DA /* Build configuration list for PBXNativeTarget "TodayUITests" */;
			buildPhases = (
				8D26D1692B3A82080064C4DA /* Sources */,
				8D26D16A2B3A82080064C4DA /* Frameworks */,
				8D26D16B2B3A82080064C4DA /* Resources */,
			);
			buildRules = (
			);
			dependencies = (
				8D26D16F2B3A82080064C4DA /* PBXTargetDependency */,
			);
			name = TodayUITests;
			productName = TodayUITests;
			productReference = 8D26D16D2B3A82080064C4DA /* TodayUITests.xctest */;
			productType = "com.apple.product-type.bundle.ui-testing";
		};
/* End PBXNativeTarget section */

/* Begin PBXProject section */
		8D26D1452B3A82070064C4DA /* Project object */ = {
			isa = PBXProject;
			attributes = {
				BuildIndependentTargetsInParallel = 1;
				LastSwiftUpdateCheck = 1500;
				LastUpgradeCheck = 1500;
				TargetAttributes = {
					8D26D14C2B3A82070064C4DA = {
						CreatedOnToolsVersion = 15.0.1;
					};
					8D26D1622B3A82080064C4DA = {
						CreatedOnToolsVersion = 15.0.1;
						TestTargetID = 8D26D14C2B3A82070064C4DA;
					};
					8D26D16C2B3A82080064C4DA = {
						CreatedOnToolsVersion = 15.0.1;
						TestTargetID = 8D26D14C2B3A82070064C4DA;
					};
				};
			};
			buildConfigurationList = 8D26D1482B3A82070064C4DA /* Build configuration list for PBXProject "Today" */;
			compatibilityVersion = "Xcode 14.0";
			developmentRegion = en;
			hasScannedForEncodings = 0;
			knownRegions = (
				en,
				Base,
			);
			mainGroup = 8D26D1442B3A82070064C4DA;
			productRefGroup = 8D26D14E2B3A82070064C4DA /* Products */;
			projectDirPath = "";
			projectRoot = "";
			targets = (
				8D26D14C2B3A82070064C4DA /* Today */,
				8D26D1622B3A82080064C4DA /* TodayTests */,
				8D26D16C2B3A82080064C4DA /* TodayUITests */,
			);
		};
/* End PBXProject section */

/* Begin PBXResourcesBuildPhase section */
		8D26D14B2B3A82070064C4DA /* Resources */ = {
			isa = PBXResourcesBuildPhase;
			buildActionMask = 2147483647;
			files = (
				8D26D15D2B3A82080064C4DA /* LaunchScreen.storyboard in Resources */,
				8D26D15A2B3A82080064C4DA /* Assets.xcassets in Resources */,
				8D26D1582B3A82070064C4DA /* Main.storyboard in Resources */,
			);
			runOnlyForDeploymentPostprocessing = 0;
		};
		8D26D1612B3A82080064C4DA /* Resources */ = {
			isa = PBXResourcesBuildPhase;
			buildActionMask = 2147483647;
			files = (
			);
			runOnlyForDeploymentPostprocessing = 0;
		};
		8D26D16B2B3A82080064C4DA /* Resources */ = {
			isa = PBXResourcesBuildPhase;
			buildActionMask = 2147483647;
			files = (
			);
			runOnlyForDeploymentPostprocessing = 0;
		};
/* End PBXResourcesBuildPhase section */

/* Begin PBXSourcesBuildPhase section */
		8D26D1492B3A82070064C4DA /* Sources */ = {
			isa = PBXSourcesBuildPhase;
			buildActionMask = 2147483647;
			files = (
				8D8DC0402B426C53002E10A6 /* UIView+PinnedSubview.swift in Sources */,
				8D3AD1F52B4107B800F4CE43 /* ReminderViewController+Section.swift in Sources */,
				8D77A2812B53A02B00BD9234 /* DatePickerContentView.swift in Sources */,
				8DE81ACC2B3E07C30063A5E6 /* UIColor+Today.swift in Sources */,
				8D02E9002B3E5F1A00016D3D /* ReminderListViewController+Actions.swift in Sources */,
				8DB2D5032B3F4B300052EB90 /* ReminderViewController.swift in Sources */,
				8D90F8EC2B645EA900805215 /* ReminderListStyle.swift in Sources */,
				8D04AC3E2B5211500047246A /* UIContentConfiguration+Stateless.swift in Sources */,
				8D26D1552B3A82070064C4DA /* ReminderListViewController.swift in Sources */,
				8D0CBA742B3D2C90006C701C /* Date+Today.swift in Sources */,
				8D04AC3C2B5200AA0047246A /* TextFieldContentView.swift in Sources */,
				8D77A27F2B539ED500BD9234 /* TextViewContentView.swift in Sources */,
				8DB2D5052B3F58E80052EB90 /* ReminderViewController+Row.swift in Sources */,
				8D02E8FE2B3E5E2F00016D3D /* ReminderDoneButton.swift in Sources */,
				8D26D1512B3A82070064C4DA /* AppDelegate.swift in Sources */,
				8D8DC03D2B4269E8002E10A6 /* ReminderViewController+CellConfiguration.swift in Sources */,
				8D26D1532B3A82070064C4DA /* SceneDelegate.swift in Sources */,
				8D26D1822B3A9C6E0064C4DA /* Reminder.swift in Sources */,
				8DE81ACA2B3DFE900063A5E6 /* ReminderListViewController+DataSource.swift in Sources */,
			);
			runOnlyForDeploymentPostprocessing = 0;
		};
		8D26D15F2B3A82080064C4DA /* Sources */ = {
			isa = PBXSourcesBuildPhase;
			buildActionMask = 2147483647;
			files = (
				8D26D1682B3A82080064C4DA /* TodayTests.swift in Sources */,
			);
			runOnlyForDeploymentPostprocessing = 0;
		};
		8D26D1692B3A82080064C4DA /* Sources */ = {
			isa = PBXSourcesBuildPhase;
			buildActionMask = 2147483647;
			files = (
				8D26D1742B3A82080064C4DA /* TodayUITestsLaunchTests.swift in Sources */,
				8D26D1722B3A82080064C4DA /* TodayUITests.swift in Sources */,
			);
			runOnlyForDeploymentPostprocessing = 0;
		};
/* End PBXSourcesBuildPhase section */

/* Begin PBXTargetDependency section */
		8D26D1652B3A82080064C4DA /* PBXTargetDependency */ = {
			isa = PBXTargetDependency;
			target = 8D26D14C2B3A82070064C4DA /* Today */;
			targetProxy = 8D26D1642B3A82080064C4DA /* PBXContainerItemProxy */;
		};
		8D26D16F2B3A82080064C4DA /* PBXTargetDependency */ = {
			isa = PBXTargetDependency;
			target = 8D26D14C2B3A82070064C4DA /* Today */;
			targetProxy = 8D26D16E2B3A82080064C4DA /* PBXContainerItemProxy */;
		};
/* End PBXTargetDependency section */

/* Begin PBXVariantGroup section */
		8D26D1562B3A82070064C4DA /* Main.storyboard */ = {
			isa = PBXVariantGroup;
			children = (
				8D26D1572B3A82070064C4DA /* Base */,
			);
			name = Main.storyboard;
			sourceTree = "<group>";
		};
		8D26D15B2B3A82080064C4DA /* LaunchScreen.storyboard */ = {
			isa = PBXVariantGroup;
			children = (
				8D26D15C2B3A82080064C4DA /* Base */,
			);
			name = LaunchScreen.storyboard;
			sourceTree = "<group>";
		};
/* End PBXVariantGroup section */

/* Begin XCBuildConfiguration section */
		8D26D1752B3A82080064C4DA /* Debug */ = {
			isa = XCBuildConfiguration;
			buildSettings = {
				ALWAYS_SEARCH_USER_PATHS = NO;
				ASSETCATALOG_COMPILER_GENERATE_SWIFT_ASSET_SYMBOL_EXTENSIONS = YES;
				CLANG_ANALYZER_NONNULL = YES;
				CLANG_ANALYZER_NUMBER_OBJECT_CONVERSION = YES_AGGRESSIVE;
				CLANG_CXX_LANGUAGE_STANDARD = "gnu++20";
				CLANG_ENABLE_MODULES = YES;
				CLANG_ENABLE_OBJC_ARC = YES;
				CLANG_ENABLE_OBJC_WEAK = YES;
				CLANG_WARN_BLOCK_CAPTURE_AUTORELEASING = YES;
				CLANG_WARN_BOOL_CONVERSION = YES;
				CLANG_WARN_COMMA = YES;
				CLANG_WARN_CONSTANT_CONVERSION = YES;
				CLANG_WARN_DEPRECATED_OBJC_IMPLEMENTATIONS = YES;
				CLANG_WARN_DIRECT_OBJC_ISA_USAGE = YES_ERROR;
				CLANG_WARN_DOCUMENTATION_COMMENTS = YES;
				CLANG_WARN_EMPTY_BODY = YES;
				CLANG_WARN_ENUM_CONVERSION = YES;
				CLANG_WARN_INFINITE_RECURSION = YES;
				CLANG_WARN_INT_CONVERSION = YES;
				CLANG_WARN_NON_LITERAL_NULL_CONVERSION = YES;
				CLANG_WARN_OBJC_IMPLICIT_RETAIN_SELF = YES;
				CLANG_WARN_OBJC_LITERAL_CONVERSION = YES;
				CLANG_WARN_OBJC_ROOT_CLASS = YES_ERROR;
				CLANG_WARN_QUOTED_INCLUDE_IN_FRAMEWORK_HEADER = YES;
				CLANG_WARN_RANGE_LOOP_ANALYSIS = YES;
				CLANG_WARN_STRICT_PROTOTYPES = YES;
				CLANG_WARN_SUSPICIOUS_MOVE = YES;
				CLANG_WARN_UNGUARDED_AVAILABILITY = YES_AGGRESSIVE;
				CLANG_WARN_UNREACHABLE_CODE = YES;
				CLANG_WARN__DUPLICATE_METHOD_MATCH = YES;
				COPY_PHASE_STRIP = NO;
				DEBUG_INFORMATION_FORMAT = dwarf;
				ENABLE_STRICT_OBJC_MSGSEND = YES;
				ENABLE_TESTABILITY = YES;
				ENABLE_USER_SCRIPT_SANDBOXING = YES;
				GCC_C_LANGUAGE_STANDARD = gnu17;
				GCC_DYNAMIC_NO_PIC = NO;
				GCC_NO_COMMON_BLOCKS = YES;
				GCC_OPTIMIZATION_LEVEL = 0;
				GCC_PREPROCESSOR_DEFINITIONS = (
					"DEBUG=1",
					"$(inherited)",
				);
				GCC_WARN_64_TO_32_BIT_CONVERSION = YES;
				GCC_WARN_ABOUT_RETURN_TYPE = YES_ERROR;
				GCC_WARN_UNDECLARED_SELECTOR = YES;
				GCC_WARN_UNINITIALIZED_AUTOS = YES_AGGRESSIVE;
				GCC_WARN_UNUSED_FUNCTION = YES;
				GCC_WARN_UNUSED_VARIABLE = YES;
				IPHONEOS_DEPLOYMENT_TARGET = 17.0;
				LOCALIZATION_PREFERS_STRING_CATALOGS = YES;
				MTL_ENABLE_DEBUG_INFO = INCLUDE_SOURCE;
				MTL_FAST_MATH = YES;
				ONLY_ACTIVE_ARCH = YES;
				SDKROOT = iphoneos;
				SWIFT_ACTIVE_COMPILATION_CONDITIONS = "DEBUG $(inherited)";
				SWIFT_OPTIMIZATION_LEVEL = "-Onone";
			};
			name = Debug;
		};
		8D26D1762B3A82080064C4DA /* Release */ = {
			isa = XCBuildConfiguration;
			buildSettings = {
				ALWAYS_SEARCH_USER_PATHS = NO;
				ASSETCATALOG_COMPILER_GENERATE_SWIFT_ASSET_SYMBOL_EXTENSIONS = YES;
				CLANG_ANALYZER_NONNULL = YES;
				CLANG_ANALYZER_NUMBER_OBJECT_CONVERSION = YES_AGGRESSIVE;
				CLANG_CXX_LANGUAGE_STANDARD = "gnu++20";
				CLANG_ENABLE_MODULES = YES;
				CLANG_ENABLE_OBJC_ARC = YES;
				CLANG_ENABLE_OBJC_WEAK = YES;
				CLANG_WARN_BLOCK_CAPTURE_AUTORELEASING = YES;
				CLANG_WARN_BOOL_CONVERSION = YES;
				CLANG_WARN_COMMA = YES;
				CLANG_WARN_CONSTANT_CONVERSION = YES;
				CLANG_WARN_DEPRECATED_OBJC_IMPLEMENTATIONS = YES;
				CLANG_WARN_DIRECT_OBJC_ISA_USAGE = YES_ERROR;
				CLANG_WARN_DOCUMENTATION_COMMENTS = YES;
				CLANG_WARN_EMPTY_BODY = YES;
				CLANG_WARN_ENUM_CONVERSION = YES;
				CLANG_WARN_INFINITE_RECURSION = YES;
				CLANG_WARN_INT_CONVERSION = YES;
				CLANG_WARN_NON_LITERAL_NULL_CONVERSION = YES;
				CLANG_WARN_OBJC_IMPLICIT_RETAIN_SELF = YES;
				CLANG_WARN_OBJC_LITERAL_CONVERSION = YES;
				CLANG_WARN_OBJC_ROOT_CLASS = YES_ERROR;
				CLANG_WARN_QUOTED_INCLUDE_IN_FRAMEWORK_HEADER = YES;
				CLANG_WARN_RANGE_LOOP_ANALYSIS = YES;
				CLANG_WARN_STRICT_PROTOTYPES = YES;
				CLANG_WARN_SUSPICIOUS_MOVE = YES;
				CLANG_WARN_UNGUARDED_AVAILABILITY = YES_AGGRESSIVE;
				CLANG_WARN_UNREACHABLE_CODE = YES;
				CLANG_WARN__DUPLICATE_METHOD_MATCH = YES;
				COPY_PHASE_STRIP = NO;
				DEBUG_INFORMATION_FORMAT = "dwarf-with-dsym";
				ENABLE_NS_ASSERTIONS = NO;
				ENABLE_STRICT_OBJC_MSGSEND = YES;
				ENABLE_USER_SCRIPT_SANDBOXING = YES;
				GCC_C_LANGUAGE_STANDARD = gnu17;
				GCC_NO_COMMON_BLOCKS = YES;
				GCC_WARN_64_TO_32_BIT_CONVERSION = YES;
				GCC_WARN_ABOUT_RETURN_TYPE = YES_ERROR;
				GCC_WARN_UNDECLARED_SELECTOR = YES;
				GCC_WARN_UNINITIALIZED_AUTOS = YES_AGGRESSIVE;
				GCC_WARN_UNUSED_FUNCTION = YES;
				GCC_WARN_UNUSED_VARIABLE = YES;
				IPHONEOS_DEPLOYMENT_TARGET = 17.0;
				LOCALIZATION_PREFERS_STRING_CATALOGS = YES;
				MTL_ENABLE_DEBUG_INFO = NO;
				MTL_FAST_MATH = YES;
				SDKROOT = iphoneos;
				SWIFT_COMPILATION_MODE = wholemodule;
				VALIDATE_PRODUCT = YES;
			};
			name = Release;
		};
		8D26D1782B3A82080064C4DA /* Debug */ = {
			isa = XCBuildConfiguration;
			buildSettings = {
				ASSETCATALOG_COMPILER_APPICON_NAME = AppIcon;
				ASSETCATALOG_COMPILER_GLOBAL_ACCENT_COLOR_NAME = AccentColor;
				CODE_SIGN_STYLE = Automatic;
				CURRENT_PROJECT_VERSION = 1;
				GENERATE_INFOPLIST_FILE = YES;
				INFOPLIST_FILE = Today/Info.plist;
				INFOPLIST_KEY_UIApplicationSupportsIndirectInputEvents = YES;
				INFOPLIST_KEY_UILaunchStoryboardName = LaunchScreen;
				INFOPLIST_KEY_UIMainStoryboardFile = Main;
				INFOPLIST_KEY_UISupportedInterfaceOrientations_iPad = "UIInterfaceOrientationPortrait UIInterfaceOrientationPortraitUpsideDown UIInterfaceOrientationLandscapeLeft UIInterfaceOrientationLandscapeRight";
				INFOPLIST_KEY_UISupportedInterfaceOrientations_iPhone = "UIInterfaceOrientationPortrait UIInterfaceOrientationLandscapeLeft UIInterfaceOrientationLandscapeRight";
				LD_RUNPATH_SEARCH_PATHS = (
					"$(inherited)",
					"@executable_path/Frameworks",
				);
				MARKETING_VERSION = 1.0;
				PRODUCT_BUNDLE_IDENTIFIER = com.bmu.Today;
				PRODUCT_NAME = "$(TARGET_NAME)";
				SWIFT_EMIT_LOC_STRINGS = YES;
				SWIFT_VERSION = 5.0;
				TARGETED_DEVICE_FAMILY = "1,2";
			};
			name = Debug;
		};
		8D26D1792B3A82080064C4DA /* Release */ = {
			isa = XCBuildConfiguration;
			buildSettings = {
				ASSETCATALOG_COMPILER_APPICON_NAME = AppIcon;
				ASSETCATALOG_COMPILER_GLOBAL_ACCENT_COLOR_NAME = AccentColor;
				CODE_SIGN_STYLE = Automatic;
				CURRENT_PROJECT_VERSION = 1;
				GENERATE_INFOPLIST_FILE = YES;
				INFOPLIST_FILE = Today/Info.plist;
				INFOPLIST_KEY_UIApplicationSupportsIndirectInputEvents = YES;
				INFOPLIST_KEY_UILaunchStoryboardName = LaunchScreen;
				INFOPLIST_KEY_UIMainStoryboardFile = Main;
				INFOPLIST_KEY_UISupportedInterfaceOrientations_iPad = "UIInterfaceOrientationPortrait UIInterfaceOrientationPortraitUpsideDown UIInterfaceOrientationLandscapeLeft UIInterfaceOrientationLandscapeRight";
				INFOPLIST_KEY_UISupportedInterfaceOrientations_iPhone = "UIInterfaceOrientationPortrait UIInterfaceOrientationLandscapeLeft UIInterfaceOrientationLandscapeRight";
				LD_RUNPATH_SEARCH_PATHS = (
					"$(inherited)",
					"@executable_path/Frameworks",
				);
				MARKETING_VERSION = 1.0;
				PRODUCT_BUNDLE_IDENTIFIER = com.bmu.Today;
				PRODUCT_NAME = "$(TARGET_NAME)";
				SWIFT_EMIT_LOC_STRINGS = YES;
				SWIFT_VERSION = 5.0;
				TARGETED_DEVICE_FAMILY = "1,2";
			};
			name = Release;
		};
		8D26D17B2B3A82080064C4DA /* Debug */ = {
			isa = XCBuildConfiguration;
			buildSettings = {
				ALWAYS_EMBED_SWIFT_STANDARD_LIBRARIES = YES;
				BUNDLE_LOADER = "$(TEST_HOST)";
				CODE_SIGN_STYLE = Automatic;
				CURRENT_PROJECT_VERSION = 1;
				GENERATE_INFOPLIST_FILE = YES;
				IPHONEOS_DEPLOYMENT_TARGET = 17.0;
				MARKETING_VERSION = 1.0;
				PRODUCT_BUNDLE_IDENTIFIER = com.bmu.TodayTests;
				PRODUCT_NAME = "$(TARGET_NAME)";
				SWIFT_EMIT_LOC_STRINGS = NO;
				SWIFT_VERSION = 5.0;
				TARGETED_DEVICE_FAMILY = "1,2";
				TEST_HOST = "$(BUILT_PRODUCTS_DIR)/Today.app/$(BUNDLE_EXECUTABLE_FOLDER_PATH)/Today";
			};
			name = Debug;
		};
		8D26D17C2B3A82080064C4DA /* Release */ = {
			isa = XCBuildConfiguration;
			buildSettings = {
				ALWAYS_EMBED_SWIFT_STANDARD_LIBRARIES = YES;
				BUNDLE_LOADER = "$(TEST_HOST)";
				CODE_SIGN_STYLE = Automatic;
				CURRENT_PROJECT_VERSION = 1;
				GENERATE_INFOPLIST_FILE = YES;
				IPHONEOS_DEPLOYMENT_TARGET = 17.0;
				MARKETING_VERSION = 1.0;
				PRODUCT_BUNDLE_IDENTIFIER = com.bmu.TodayTests;
				PRODUCT_NAME = "$(TARGET_NAME)";
				SWIFT_EMIT_LOC_STRINGS = NO;
				SWIFT_VERSION = 5.0;
				TARGETED_DEVICE_FAMILY = "1,2";
				TEST_HOST = "$(BUILT_PRODUCTS_DIR)/Today.app/$(BUNDLE_EXECUTABLE_FOLDER_PATH)/Today";
			};
			name = Release;
		};
		8D26D17E2B3A82080064C4DA /* Debug */ = {
			isa = XCBuildConfiguration;
			buildSettings = {
				ALWAYS_EMBED_SWIFT_STANDARD_LIBRARIES = YES;
				CODE_SIGN_STYLE = Automatic;
				CURRENT_PROJECT_VERSION = 1;
				GENERATE_INFOPLIST_FILE = YES;
				MARKETING_VERSION = 1.0;
				PRODUCT_BUNDLE_IDENTIFIER = com.bmu.TodayUITests;
				PRODUCT_NAME = "$(TARGET_NAME)";
				SWIFT_EMIT_LOC_STRINGS = NO;
				SWIFT_VERSION = 5.0;
				TARGETED_DEVICE_FAMILY = "1,2";
				TEST_TARGET_NAME = Today;
			};
			name = Debug;
		};
		8D26D17F2B3A82080064C4DA /* Release */ = {
			isa = XCBuildConfiguration;
			buildSettings = {
				ALWAYS_EMBED_SWIFT_STANDARD_LIBRARIES = YES;
				CODE_SIGN_STYLE = Automatic;
				CURRENT_PROJECT_VERSION = 1;
				GENERATE_INFOPLIST_FILE = YES;
				MARKETING_VERSION = 1.0;
				PRODUCT_BUNDLE_IDENTIFIER = com.bmu.TodayUITests;
				PRODUCT_NAME = "$(TARGET_NAME)";
				SWIFT_EMIT_LOC_STRINGS = NO;
				SWIFT_VERSION = 5.0;
				TARGETED_DEVICE_FAMILY = "1,2";
				TEST_TARGET_NAME = Today;
			};
			name = Release;
		};
/* End XCBuildConfiguration section */

/* Begin XCConfigurationList section */
		8D26D1482B3A82070064C4DA /* Build configuration list for PBXProject "Today" */ = {
			isa = XCConfigurationList;
			buildConfigurations = (
				8D26D1752B3A82080064C4DA /* Debug */,
				8D26D1762B3A82080064C4DA /* Release */,
			);
			defaultConfigurationIsVisible = 0;
			defaultConfigurationName = Release;
		};
		8D26D1772B3A82080064C4DA /* Build configuration list for PBXNativeTarget "Today" */ = {
			isa = XCConfigurationList;
			buildConfigurations = (
				8D26D1782B3A82080064C4DA /* Debug */,
				8D26D1792B3A82080064C4DA /* Release */,
			);
			defaultConfigurationIsVisible = 0;
			defaultConfigurationName = Release;
		};
		8D26D17A2B3A82080064C4DA /* Build configuration list for PBXNativeTarget "TodayTests" */ = {
			isa = XCConfigurationList;
			buildConfigurations = (
				8D26D17B2B3A82080064C4DA /* Debug */,
				8D26D17C2B3A82080064C4DA /* Release */,
			);
			defaultConfigurationIsVisible = 0;
			defaultConfigurationName = Release;
		};
		8D26D17D2B3A82080064C4DA /* Build configuration list for PBXNativeTarget "TodayUITests" */ = {
			isa = XCConfigurationList;
			buildConfigurations = (
				8D26D17E2B3A82080064C4DA /* Debug */,
				8D26D17F2B3A82080064C4DA /* Release */,
			);
			defaultConfigurationIsVisible = 0;
			defaultConfigurationName = Release;
		};
/* End XCConfigurationList section */
	};
	rootObject = 8D26D1452B3A82070064C4DA /* Project object */;
}
